
Microsoft Visual Studio Solution File, Format Version 12.00
# Visual Studio Version 16
VisualStudioVersion = 16.0.810.7
MinimumVisualStudioVersion = 10.0.40219.1
Project("{9A19103F-16F7-4668-BE54-9A1E7A4F7556}") = "Client", "Client\Client.csproj", "{B54A8DF8-71CF-4F79-A827-C0DA244B347C}"
EndProject
Project("{9A19103F-16F7-4668-BE54-9A1E7A4F7556}") = "Server", "Server\Server.csproj", "{8730C528-C80A-4F08-892D-C94F234B7365}"
EndProject
Project("{9A19103F-16F7-4668-BE54-9A1E7A4F7556}") = "ProtocolData", "ProtocolData\ProtocolData.csproj", "{452A0C6E-38FD-4C8B-9E17-267E47BA6A3B}"
EndProject
Project("{9A19103F-16F7-4668-BE54-9A1E7A4F7556}") = "Domain", "Domain\Domain.csproj", "{7E0AC6EA-C683-4F70-9206-BC61C737A46B}"
EndProject
Project("{9A19103F-16F7-4668-BE54-9A1E7A4F7556}") = "GrpcServer", "GrpcServer\GrpcServer.csproj", "{2BB73EB7-7B6A-45FD-929B-A5130B13EBFF}"
EndProject
Project("{9A19103F-16F7-4668-BE54-9A1E7A4F7556}") = "LoggServer", "LoggServer\LoggServer.csproj", "{AB72384E-64C3-46D0-85C9-0B8DDA94A445}"
EndProject
Project("{9A19103F-16F7-4668-BE54-9A1E7A4F7556}") = "LoggAPI", "..\LogsAPI\LoggAPI.csproj", "{EB502144-5553-47E4-88B2-7ED4BACAE99F}"
EndProject
Project("{FAE04EC0-301F-11D3-BF4B-00C04F79EFBC}") = "UsersGamesAPI", "UsersGamesAPI\UsersGamesAPI.csproj", "{47C8BFC0-1FF9-45E1-8CB0-9A679D34E831}"
EndProject
Project("{FAE04EC0-301F-11D3-BF4B-00C04F79EFBC}") = "BusinessLogic", "BusinessLogic\BusinessLogic.csproj", "{C0BDA957-AD9B-43B6-93D2-29D4923A91D8}"
EndProject
Global
	GlobalSection(SolutionConfigurationPlatforms) = preSolution
		Debug|Any CPU = Debug|Any CPU
		Release|Any CPU = Release|Any CPU
	EndGlobalSection
	GlobalSection(ProjectConfigurationPlatforms) = postSolution
		{B54A8DF8-71CF-4F79-A827-C0DA244B347C}.Debug|Any CPU.ActiveCfg = Debug|Any CPU
		{B54A8DF8-71CF-4F79-A827-C0DA244B347C}.Debug|Any CPU.Build.0 = Debug|Any CPU
		{B54A8DF8-71CF-4F79-A827-C0DA244B347C}.Release|Any CPU.ActiveCfg = Release|Any CPU
		{B54A8DF8-71CF-4F79-A827-C0DA244B347C}.Release|Any CPU.Build.0 = Release|Any CPU
		{8730C528-C80A-4F08-892D-C94F234B7365}.Debug|Any CPU.ActiveCfg = Debug|Any CPU
		{8730C528-C80A-4F08-892D-C94F234B7365}.Debug|Any CPU.Build.0 = Debug|Any CPU
		{8730C528-C80A-4F08-892D-C94F234B7365}.Release|Any CPU.ActiveCfg = Release|Any CPU
		{8730C528-C80A-4F08-892D-C94F234B7365}.Release|Any CPU.Build.0 = Release|Any CPU
		{452A0C6E-38FD-4C8B-9E17-267E47BA6A3B}.Debug|Any CPU.ActiveCfg = Debug|Any CPU
		{452A0C6E-38FD-4C8B-9E17-267E47BA6A3B}.Debug|Any CPU.Build.0 = Debug|Any CPU
		{452A0C6E-38FD-4C8B-9E17-267E47BA6A3B}.Release|Any CPU.ActiveCfg = Release|Any CPU
		{452A0C6E-38FD-4C8B-9E17-267E47BA6A3B}.Release|Any CPU.Build.0 = Release|Any CPU
		{7E0AC6EA-C683-4F70-9206-BC61C737A46B}.Debug|Any CPU.ActiveCfg = Debug|Any CPU
		{7E0AC6EA-C683-4F70-9206-BC61C737A46B}.Debug|Any CPU.Build.0 = Debug|Any CPU
		{7E0AC6EA-C683-4F70-9206-BC61C737A46B}.Release|Any CPU.ActiveCfg = Release|Any CPU
		{7E0AC6EA-C683-4F70-9206-BC61C737A46B}.Release|Any CPU.Build.0 = Release|Any CPU
		{2BB73EB7-7B6A-45FD-929B-A5130B13EBFF}.Debug|Any CPU.ActiveCfg = Debug|Any CPU
		{2BB73EB7-7B6A-45FD-929B-A5130B13EBFF}.Debug|Any CPU.Build.0 = Debug|Any CPU
		{2BB73EB7-7B6A-45FD-929B-A5130B13EBFF}.Release|Any CPU.ActiveCfg = Release|Any CPU
		{2BB73EB7-7B6A-45FD-929B-A5130B13EBFF}.Release|Any CPU.Build.0 = Release|Any CPU
		{AB72384E-64C3-46D0-85C9-0B8DDA94A445}.Debug|Any CPU.ActiveCfg = Debug|Any CPU
		{AB72384E-64C3-46D0-85C9-0B8DDA94A445}.Debug|Any CPU.Build.0 = Debug|Any CPU
		{AB72384E-64C3-46D0-85C9-0B8DDA94A445}.Release|Any CPU.ActiveCfg = Release|Any CPU
		{AB72384E-64C3-46D0-85C9-0B8DDA94A445}.Release|Any CPU.Build.0 = Release|Any CPU
		{EB502144-5553-47E4-88B2-7ED4BACAE99F}.Debug|Any CPU.ActiveCfg = Debug|Any CPU
		{EB502144-5553-47E4-88B2-7ED4BACAE99F}.Debug|Any CPU.Build.0 = Debug|Any CPU
		{EB502144-5553-47E4-88B2-7ED4BACAE99F}.Release|Any CPU.ActiveCfg = Release|Any CPU
		{EB502144-5553-47E4-88B2-7ED4BACAE99F}.Release|Any CPU.Build.0 = Release|Any CPU
		{47C8BFC0-1FF9-45E1-8CB0-9A679D34E831}.Debug|Any CPU.ActiveCfg = Debug|Any CPU
		{47C8BFC0-1FF9-45E1-8CB0-9A679D34E831}.Debug|Any CPU.Build.0 = Debug|Any CPU
		{47C8BFC0-1FF9-45E1-8CB0-9A679D34E831}.Release|Any CPU.ActiveCfg = Release|Any CPU
		{47C8BFC0-1FF9-45E1-8CB0-9A679D34E831}.Release|Any CPU.Build.0 = Release|Any CPU
		{C0BDA957-AD9B-43B6-93D2-29D4923A91D8}.Debug|Any CPU.ActiveCfg = Debug|Any CPU
		{C0BDA957-AD9B-43B6-93D2-29D4923A91D8}.Debug|Any CPU.Build.0 = Debug|Any CPU
		{C0BDA957-AD9B-43B6-93D2-29D4923A91D8}.Release|Any CPU.ActiveCfg = Release|Any CPU
		{C0BDA957-AD9B-43B6-93D2-29D4923A91D8}.Release|Any CPU.Build.0 = Release|Any CPU
	EndGlobalSection
	GlobalSection(SolutionProperties) = preSolution
		HideSolutionNode = FALSE
	EndGlobalSection
	GlobalSection(ExtensibilityGlobals) = postSolution
		SolutionGuid = {142CC843-063C-4989-AE7F-9D591A5ABEF6}
	EndGlobalSection
EndGlobal
