
Microsoft Visual Studio Solution File, Format Version 12.00
# Visual Studio Version 16
VisualStudioVersion = 16.0.810.7
MinimumVisualStudioVersion = 10.0.40219.1
Project("{9A19103F-16F7-4668-BE54-9A1E7A4F7556}") = "Client", "Client\Client.csproj", "{B54A8DF8-71CF-4F79-A827-C0DA244B347C}"
EndProject
Project("{9A19103F-16F7-4668-BE54-9A1E7A4F7556}") = "Server", "Server\Server.csproj", "{8730C528-C80A-4F08-892D-C94F234B7365}"
EndProject
Project("{9A19103F-16F7-4668-BE54-9A1E7A4F7556}") = "ProtocolData", "ProtocolData\ProtocolData.csproj", "{452A0C6E-38FD-4C8B-9E17-267E47BA6A3B}"
EndProject
Project("{9A19103F-16F7-4668-BE54-9A1E7A4F7556}") = "Domain", "Domain\Domain.csproj", "{7E0AC6EA-C683-4F70-9206-BC61C737A46B}"
EndProject
Global
	GlobalSection(SolutionConfigurationPlatforms) = preSolution
		Debug|Any CPU = Debug|Any CPU
		Release|Any CPU = Release|Any CPU
	EndGlobalSection
	GlobalSection(ProjectConfigurationPlatforms) = postSolution
		{B54A8DF8-71CF-4F79-A827-C0DA244B347C}.Debug|Any CPU.ActiveCfg = Debug|Any CPU
		{B54A8DF8-71CF-4F79-A827-C0DA244B347C}.Debug|Any CPU.Build.0 = Debug|Any CPU
		{B54A8DF8-71CF-4F79-A827-C0DA244B347C}.Release|Any CPU.ActiveCfg = Release|Any CPU
		{B54A8DF8-71CF-4F79-A827-C0DA244B347C}.Release|Any CPU.Build.0 = Release|Any CPU
		{8730C528-C80A-4F08-892D-C94F234B7365}.Debug|Any CPU.ActiveCfg = Debug|Any CPU
		{8730C528-C80A-4F08-892D-C94F234B7365}.Debug|Any CPU.Build.0 = Debug|Any CPU
		{8730C528-C80A-4F08-892D-C94F234B7365}.Release|Any CPU.ActiveCfg = Release|Any CPU
		{8730C528-C80A-4F08-892D-C94F234B7365}.Release|Any CPU.Build.0 = Release|Any CPU
		{452A0C6E-38FD-4C8B-9E17-267E47BA6A3B}.Debug|Any CPU.ActiveCfg = Debug|Any CPU
		{452A0C6E-38FD-4C8B-9E17-267E47BA6A3B}.Debug|Any CPU.Build.0 = Debug|Any CPU
		{452A0C6E-38FD-4C8B-9E17-267E47BA6A3B}.Release|Any CPU.ActiveCfg = Release|Any CPU
		{452A0C6E-38FD-4C8B-9E17-267E47BA6A3B}.Release|Any CPU.Build.0 = Release|Any CPU
		{7E0AC6EA-C683-4F70-9206-BC61C737A46B}.Debug|Any CPU.ActiveCfg = Debug|Any CPU
		{7E0AC6EA-C683-4F70-9206-BC61C737A46B}.Debug|Any CPU.Build.0 = Debug|Any CPU
		{7E0AC6EA-C683-4F70-9206-BC61C737A46B}.Release|Any CPU.ActiveCfg = Release|Any CPU
		{7E0AC6EA-C683-4F70-9206-BC61C737A46B}.Release|Any CPU.Build.0 = Release|Any CPU
	EndGlobalSection
	GlobalSection(SolutionProperties) = preSolution
		HideSolutionNode = FALSE
	EndGlobalSection
	GlobalSection(ExtensibilityGlobals) = postSolution
		SolutionGuid = {142CC843-063C-4989-AE7F-9D591A5ABEF6}
	EndGlobalSection
EndGlobal
